
Microsoft Visual Studio Solution File, Format Version 12.00
# Visual Studio Version 17
VisualStudioVersion = 17.4.33122.133
MinimumVisualStudioVersion = 10.0.40219.1
Project("{FAE04EC0-301F-11D3-BF4B-00C04F79EFBC}") = "WinFormsApp1", "WinFormsApp1\WinFormsApp1.csproj", "{1BAA0434-82E1-4B57-91DC-B947C52769BD}"
EndProject
Global
	GlobalSection(SolutionConfigurationPlatforms) = preSolution
		Debug|Any CPU = Debug|Any CPU
		Release|Any CPU = Release|Any CPU
	EndGlobalSection
	GlobalSection(ProjectConfigurationPlatforms) = postSolution
		{1BAA0434-82E1-4B57-91DC-B947C52769BD}.Debug|Any CPU.ActiveCfg = Debug|Any CPU
		{1BAA0434-82E1-4B57-91DC-B947C52769BD}.Debug|Any CPU.Build.0 = Debug|Any CPU
		{1BAA0434-82E1-4B57-91DC-B947C52769BD}.Release|Any CPU.ActiveCfg = Release|Any CPU
		{1BAA0434-82E1-4B57-91DC-B947C52769BD}.Release|Any CPU.Build.0 = Release|Any CPU
	EndGlobalSection
	GlobalSection(SolutionProperties) = preSolution
		HideSolutionNode = FALSE
	EndGlobalSection
	GlobalSection(ExtensibilityGlobals) = postSolution
		SolutionGuid = {B4254E40-3023-452F-B9AD-5A3B18C0F2C2}
	EndGlobalSection
EndGlobal
